
Microsoft Visual Studio Solution File, Format Version 12.00
# Visual Studio Version 17
VisualStudioVersion = 17.0.32014.148
MinimumVisualStudioVersion = 10.0.40219.1
Project("{FAE04EC0-301F-11D3-BF4B-00C04F79EFBC}") = "Akki", "Akki\Akki.csproj", "{2AC7DEA7-0F90-466C-BF33-2E7B35DD03E6}"
EndProject
Global
	GlobalSection(SolutionConfigurationPlatforms) = preSolution
		Debug|Any CPU = Debug|Any CPU
		Release|Any CPU = Release|Any CPU
	EndGlobalSection
	GlobalSection(ProjectConfigurationPlatforms) = postSolution
		{2AC7DEA7-0F90-466C-BF33-2E7B35DD03E6}.Debug|Any CPU.ActiveCfg = Debug|Any CPU
		{2AC7DEA7-0F90-466C-BF33-2E7B35DD03E6}.Debug|Any CPU.Build.0 = Debug|Any CPU
		{2AC7DEA7-0F90-466C-BF33-2E7B35DD03E6}.Release|Any CPU.ActiveCfg = Release|Any CPU
		{2AC7DEA7-0F90-466C-BF33-2E7B35DD03E6}.Release|Any CPU.Build.0 = Release|Any CPU
	EndGlobalSection
	GlobalSection(SolutionProperties) = preSolution
		HideSolutionNode = FALSE
	EndGlobalSection
	GlobalSection(ExtensibilityGlobals) = postSolution
		SolutionGuid = {2F3EE02D-0BF5-4A33-A663-71441741775B}
	EndGlobalSection
EndGlobal
